// !$*UTF8*$!
{
	archiveVersion = 1;
	classes = {
	};
	objectVersion = 46;
	objects = {

/* Begin PBXBuildFile section */
		3903FA971E927DC100C5B792 /* RCInDiaryTableViewHeaderView.m in Sources */ = {isa = PBXBuildFile; fileRef = 3903FA961E927DC100C5B792 /* RCInDiaryTableViewHeaderView.m */; };
		3903FA991E927DC900C5B792 /* RCInDiaryTableViewHeaderView.xib in Resources */ = {isa = PBXBuildFile; fileRef = 3903FA981E927DC900C5B792 /* RCInDiaryTableViewHeaderView.xib */; };
		3903FAA41E92914F00C5B792 /* RCInDiaryTableViewCell.m in Sources */ = {isa = PBXBuildFile; fileRef = 3903FAA21E92914F00C5B792 /* RCInDiaryTableViewCell.m */; };
		3903FAA71E93606B00C5B792 /* RCInDiaryTableViewCell.xib in Resources */ = {isa = PBXBuildFile; fileRef = 3903FAA61E93606B00C5B792 /* RCInDiaryTableViewCell.xib */; };
		3903FAAE1E936F5300C5B792 /* RCInDiaryCollectionViewCell.m in Sources */ = {isa = PBXBuildFile; fileRef = 3903FAAC1E936F5300C5B792 /* RCInDiaryCollectionViewCell.m */; };
		3903FAAF1E936F5300C5B792 /* RCInDiaryCollectionViewCell.xib in Resources */ = {isa = PBXBuildFile; fileRef = 3903FAAD1E936F5300C5B792 /* RCInDiaryCollectionViewCell.xib */; };
		3903FAB11E94B67500C5B792 /* inDiary.json in Resources */ = {isa = PBXBuildFile; fileRef = 3903FAB01E94B67500C5B792 /* inDiary.json */; };
		390BBB571E9220D500BBB8B5 /* RCInDiaryListViewController.m in Sources */ = {isa = PBXBuildFile; fileRef = 390BBB561E9220D500BBB8B5 /* RCInDiaryListViewController.m */; };
		391328901E9DF02100D7287F /* RCMainTabBarController.m in Sources */ = {isa = PBXBuildFile; fileRef = 3913288F1E9DF02100D7287F /* RCMainTabBarController.m */; };
		391328921E9F228600D7287F /* Diary.storyboard in Resources */ = {isa = PBXBuildFile; fileRef = 391328911E9F228600D7287F /* Diary.storyboard */; };
		391328951E9F22A400D7287F /* RCInDiaryDetailViewController.m in Sources */ = {isa = PBXBuildFile; fileRef = 391328941E9F22A400D7287F /* RCInDiaryDetailViewController.m */; };
		391328981E9F4D7300D7287F /* RCDiaryRealm.m in Sources */ = {isa = PBXBuildFile; fileRef = 391328971E9F4D7300D7287F /* RCDiaryRealm.m */; };
		391E8BFC1E977097000CC82E /* GoogleService-Info.plist in Resources */ = {isa = PBXBuildFile; fileRef = 391E8BFB1E977097000CC82E /* GoogleService-Info.plist */; };
		3921CB541E9A31F8005736CE /* RCInDiaryLocationView.m in Sources */ = {isa = PBXBuildFile; fileRef = 3921CB531E9A31F8005736CE /* RCInDiaryLocationView.m */; };
		3921CB561E9A31FF005736CE /* RCInDiaryLocationView.xib in Resources */ = {isa = PBXBuildFile; fileRef = 3921CB551E9A31FF005736CE /* RCInDiaryLocationView.xib */; };
		3921CB5C1E9A5DF2005736CE /* RCInDiaryLocationViewController.m in Sources */ = {isa = PBXBuildFile; fileRef = 3921CB5B1E9A5DF2005736CE /* RCInDiaryLocationViewController.m */; };
		3930C6231E88F21C009F457E /* main.m in Sources */ = {isa = PBXBuildFile; fileRef = 3930C6221E88F21C009F457E /* main.m */; };
		3930C6261E88F21C009F457E /* AppDelegate.m in Sources */ = {isa = PBXBuildFile; fileRef = 3930C6251E88F21C009F457E /* AppDelegate.m */; };
		3930C62C1E88F21C009F457E /* Main.storyboard in Resources */ = {isa = PBXBuildFile; fileRef = 3930C62A1E88F21C009F457E /* Main.storyboard */; };
		3930C6311E88F21C009F457E /* LaunchScreen.storyboard in Resources */ = {isa = PBXBuildFile; fileRef = 3930C62F1E88F21C009F457E /* LaunchScreen.storyboard */; };
		3930C6481E88FBC7009F457E /* Member.storyboard in Resources */ = {isa = PBXBuildFile; fileRef = 3930C6471E88FBC7009F457E /* Member.storyboard */; };
		398FA9E81E9685CC0030CE1A /* Assets.xcassets in Resources */ = {isa = PBXBuildFile; fileRef = 398FA9E71E9685CC0030CE1A /* Assets.xcassets */; };
		399401AA1EA872F70021CE6A /* RCInDiaryPhotoViewController.m in Sources */ = {isa = PBXBuildFile; fileRef = 399401A91EA872F70021CE6A /* RCInDiaryPhotoViewController.m */; };
		39959FC51E891C91006ACF7A /* RCDiaryListViewController.m in Sources */ = {isa = PBXBuildFile; fileRef = 39959FC41E891C91006ACF7A /* RCDiaryListViewController.m */; };
		39959FEA1E8A0B36006ACF7A /* RCDiaryTableViewFooterEmptyView.xib in Resources */ = {isa = PBXBuildFile; fileRef = 39959FE31E8A0B36006ACF7A /* RCDiaryTableViewFooterEmptyView.xib */; };
		39959FEB1E8A0B36006ACF7A /* RCDiaryTableViewFooterView.m in Sources */ = {isa = PBXBuildFile; fileRef = 39959FE51E8A0B36006ACF7A /* RCDiaryTableViewFooterView.m */; };
		39959FEC1E8A0B36006ACF7A /* RCDiaryTableViewFooterView.xib in Resources */ = {isa = PBXBuildFile; fileRef = 39959FE61E8A0B36006ACF7A /* RCDiaryTableViewFooterView.xib */; };
		39959FED1E8A0B36006ACF7A /* RCDiaryTableViewHeaderView.m in Sources */ = {isa = PBXBuildFile; fileRef = 39959FE81E8A0B36006ACF7A /* RCDiaryTableViewHeaderView.m */; };
		39959FEE1E8A0B36006ACF7A /* RCDiaryTableViewHeaderView.xib in Resources */ = {isa = PBXBuildFile; fileRef = 39959FE91E8A0B36006ACF7A /* RCDiaryTableViewHeaderView.xib */; };
		39959FF51E8A24BB006ACF7A /* RCDiaryListCustomTableViewCell.m in Sources */ = {isa = PBXBuildFile; fileRef = 39959FF31E8A24BB006ACF7A /* RCDiaryListCustomTableViewCell.m */; };
		39959FF61E8A24BB006ACF7A /* RCDiaryListCustomTableViewCell.xib in Resources */ = {isa = PBXBuildFile; fileRef = 39959FF41E8A24BB006ACF7A /* RCDiaryListCustomTableViewCell.xib */; };
		39959FFA1E8A712F006ACF7A /* RCDiaryDetailViewController.m in Sources */ = {isa = PBXBuildFile; fileRef = 39959FF91E8A712F006ACF7A /* RCDiaryDetailViewController.m */; };
		3995A00A1E8BC4DF006ACF7A /* DateSource.m in Sources */ = {isa = PBXBuildFile; fileRef = 3995A0091E8BC4DF006ACF7A /* DateSource.m */; };
		3995A0101E8CCE61006ACF7A /* RCDiaryManager.m in Sources */ = {isa = PBXBuildFile; fileRef = 3995A00F1E8CCE61006ACF7A /* RCDiaryManager.m */; };
		39CA02D61EA08B77001525AD /* RCInDiaryTableViewFooterView.m in Sources */ = {isa = PBXBuildFile; fileRef = 39CA02D51EA08B77001525AD /* RCInDiaryTableViewFooterView.m */; };
		39CA02D81EA08B87001525AD /* RCInDiaryTableViewFooterView.xib in Resources */ = {isa = PBXBuildFile; fileRef = 39CA02D71EA08B87001525AD /* RCInDiaryTableViewFooterView.xib */; };
		39FB37AF1E8CE671006D299F /* RCDiaryData.m in Sources */ = {isa = PBXBuildFile; fileRef = 39FB37AE1E8CE671006D299F /* RCDiaryData.m */; };
		39FB37B51E8EBC4B006D299F /* diary.json in Resources */ = {isa = PBXBuildFile; fileRef = 39FB37B41E8EBC4B006D299F /* diary.json */; };
		442A62CD1E94D85700B727C7 /* RCUtilyValidation.m in Sources */ = {isa = PBXBuildFile; fileRef = 442A62CC1E94D85700B727C7 /* RCUtilyValidation.m */; };
		443E9A9D1E93961B007C76D7 /* RCSupportViewController.m in Sources */ = {isa = PBXBuildFile; fileRef = 443E9A9C1E93961B007C76D7 /* RCSupportViewController.m */; };
		4458ECE01E8B790800EDC792 /* Setting.storyboard in Resources */ = {isa = PBXBuildFile; fileRef = 4458ECDF1E8B790800EDC792 /* Setting.storyboard */; };
		4458ECE31E8B796D00EDC792 /* RCSettingViewController.m in Sources */ = {isa = PBXBuildFile; fileRef = 4458ECE21E8B796D00EDC792 /* RCSettingViewController.m */; };
		4458ECE61E8B7EF300EDC792 /* RCSettingTableViewCell.m in Sources */ = {isa = PBXBuildFile; fileRef = 4458ECE51E8B7EF300EDC792 /* RCSettingTableViewCell.m */; };
		4458ECEB1E8B83D200EDC792 /* RCSettingTableInfo.m in Sources */ = {isa = PBXBuildFile; fileRef = 4458ECEA1E8B83D200EDC792 /* RCSettingTableInfo.m */; };
		447046031E9CA90D001D0DB4 /* splash_main_img.gif in Resources */ = {isa = PBXBuildFile; fileRef = 447046021E9CA90D001D0DB4 /* splash_main_img.gif */; };
		4470464C1E9CEA5C001D0DB4 /* RCSplashTutorialCollectionViewCell.m in Sources */ = {isa = PBXBuildFile; fileRef = 4470464B1E9CEA5C001D0DB4 /* RCSplashTutorialCollectionViewCell.m */; };
		448425961EA7547200C526DF /* RCMyTravelBookSecondPageView.m in Sources */ = {isa = PBXBuildFile; fileRef = 448425951EA7547200C526DF /* RCMyTravelBookSecondPageView.m */; };
		448425981EA7549400C526DF /* RCMyTravelBookSecondPageView.xib in Resources */ = {isa = PBXBuildFile; fileRef = 448425971EA7549400C526DF /* RCMyTravelBookSecondPageView.xib */; };
		4484259B1EA76FBF00C526DF /* RCMyTravelBookFirstPageView.m in Sources */ = {isa = PBXBuildFile; fileRef = 4484259A1EA76FBF00C526DF /* RCMyTravelBookFirstPageView.m */; };
		4484259D1EA76FD300C526DF /* RCMyTravelBookFirstPageView.xib in Resources */ = {isa = PBXBuildFile; fileRef = 4484259C1EA76FD300C526DF /* RCMyTravelBookFirstPageView.xib */; };
		448425A01EA7705E00C526DF /* RCMyTravelBookRemainPhotoPageView.m in Sources */ = {isa = PBXBuildFile; fileRef = 4484259F1EA7705E00C526DF /* RCMyTravelBookRemainPhotoPageView.m */; };
		448425A41EA770A800C526DF /* RCMyTravelBookRemainPhotoPageView.xib in Resources */ = {isa = PBXBuildFile; fileRef = 448425A31EA770A800C526DF /* RCMyTravelBookRemainPhotoPageView.xib */; };
		448425BC1EA7883500C526DF /* MPAnimation.m in Sources */ = {isa = PBXBuildFile; fileRef = 448425A71EA7883500C526DF /* MPAnimation.m */; };
		448425BD1EA7883500C526DF /* MPFlipTransition.m in Sources */ = {isa = PBXBuildFile; fileRef = 448425AA1EA7883500C526DF /* MPFlipTransition.m */; };
		448425BE1EA7883500C526DF /* MPFoldTransition.m in Sources */ = {isa = PBXBuildFile; fileRef = 448425AD1EA7883500C526DF /* MPFoldTransition.m */; };
		448425BF1EA7883500C526DF /* MPTransition.m in Sources */ = {isa = PBXBuildFile; fileRef = 448425AF1EA7883500C526DF /* MPTransition.m */; };
		448425C01EA7883500C526DF /* MPFlipSegue.m in Sources */ = {isa = PBXBuildFile; fileRef = 448425B31EA7883500C526DF /* MPFlipSegue.m */; };
		448425C11EA7883500C526DF /* MPFoldModalSegue.m in Sources */ = {isa = PBXBuildFile; fileRef = 448425B51EA7883500C526DF /* MPFoldModalSegue.m */; };
		448425C21EA7883500C526DF /* MPFoldNavPopSegue.m in Sources */ = {isa = PBXBuildFile; fileRef = 448425B71EA7883500C526DF /* MPFoldNavPopSegue.m */; };
		448425C31EA7883500C526DF /* MPFoldNavPushSegue.m in Sources */ = {isa = PBXBuildFile; fileRef = 448425B91EA7883500C526DF /* MPFoldNavPushSegue.m */; };
		448425C41EA7883500C526DF /* MPFoldSegue.m in Sources */ = {isa = PBXBuildFile; fileRef = 448425BB1EA7883500C526DF /* MPFoldSegue.m */; };
		44929F471E8CD700005B6C3B /* RCLoginManager.m in Sources */ = {isa = PBXBuildFile; fileRef = 44929F461E8CD700005B6C3B /* RCLoginManager.m */; };
		44AE684E1EA5E339008F4B2C /* RCMemberInfo.m in Sources */ = {isa = PBXBuildFile; fileRef = 44AE684D1EA5E339008F4B2C /* RCMemberInfo.m */; };
		44AE68501EA5FD12008F4B2C /* MyTravelDiaryBook.storyboard in Resources */ = {isa = PBXBuildFile; fileRef = 44AE684F1EA5FD12008F4B2C /* MyTravelDiaryBook.storyboard */; };
		44AE68541EA60252008F4B2C /* RCMyTravelDiaryBookViewController.m in Sources */ = {isa = PBXBuildFile; fileRef = 44AE68531EA60252008F4B2C /* RCMyTravelDiaryBookViewController.m */; };
		44B69C091E9F277F00C32A69 /* RCMyDiaryCollectionViewCell.m in Sources */ = {isa = PBXBuildFile; fileRef = 44B69C081E9F277F00C32A69 /* RCMyDiaryCollectionViewCell.m */; };
		44B69C0C1E9F3CBE00C32A69 /* RCMyDiaryViewController.m in Sources */ = {isa = PBXBuildFile; fileRef = 44B69C0B1E9F3CBE00C32A69 /* RCMyDiaryViewController.m */; };
		44B69C0F1E9F5CA700C32A69 /* RCMyDiaryCollectionViewFlowLayout.m in Sources */ = {isa = PBXBuildFile; fileRef = 44B69C0E1E9F5CA700C32A69 /* RCMyDiaryCollectionViewFlowLayout.m */; };
		44CE78781E91F492004A3ED3 /* RCSettingHeaderView.m in Sources */ = {isa = PBXBuildFile; fileRef = 44CE78771E91F492004A3ED3 /* RCSettingHeaderView.m */; };
		44CE787A1E91F549004A3ED3 /* RCSettingHeaderView.xib in Resources */ = {isa = PBXBuildFile; fileRef = 44CE78791E91F549004A3ED3 /* RCSettingHeaderView.xib */; };
		44CE788B1E92A50B004A3ED3 /* RCProfileViewController.m in Sources */ = {isa = PBXBuildFile; fileRef = 44CE788A1E92A50B004A3ED3 /* RCProfileViewController.m */; };
		44D61A181E89314C0088FA2B /* RCSplashViewController.m in Sources */ = {isa = PBXBuildFile; fileRef = 44D61A171E89314C0088FA2B /* RCSplashViewController.m */; };
		44D61A1B1E893BC70088FA2B /* SourceSansPro-Bold.otf in Resources */ = {isa = PBXBuildFile; fileRef = 44D61A191E893BC70088FA2B /* SourceSansPro-Bold.otf */; };
		44D61A1C1E893BC70088FA2B /* SourceSansPro-Regular.otf in Resources */ = {isa = PBXBuildFile; fileRef = 44D61A1A1E893BC70088FA2B /* SourceSansPro-Regular.otf */; };
		44D61A1E1E893C4E0088FA2B /* SourceSansPro-Semibold.otf in Resources */ = {isa = PBXBuildFile; fileRef = 44D61A1D1E893C4E0088FA2B /* SourceSansPro-Semibold.otf */; };
		44D61A211E896E070088FA2B /* RCSignInViewController.m in Sources */ = {isa = PBXBuildFile; fileRef = 44D61A201E896E070088FA2B /* RCSignInViewController.m */; };
		44D61A241E896E1F0088FA2B /* RCSignUpViewController.m in Sources */ = {isa = PBXBuildFile; fileRef = 44D61A231E896E1F0088FA2B /* RCSignUpViewController.m */; };
		44D61A271E8972410088FA2B /* RCSignConfigViewController.m in Sources */ = {isa = PBXBuildFile; fileRef = 44D61A261E8972410088FA2B /* RCSignConfigViewController.m */; };
		44F4FE471E8CF023008CED9B /* TempLogoutViewController.m in Sources */ = {isa = PBXBuildFile; fileRef = 44F4FE461E8CF023008CED9B /* TempLogoutViewController.m */; };
		44F4FE491E8D0EA5008CED9B /* userInfoDummy.json in Resources */ = {isa = PBXBuildFile; fileRef = 44F4FE481E8D0EA5008CED9B /* userInfoDummy.json */; };
		A912FF3531A493E3A1ED367E /* libPods-Record.a in Frameworks */ = {isa = PBXBuildFile; fileRef = 84204659D1372BB76B27C5E6 /* libPods-Record.a */; };
/* End PBXBuildFile section */

/* Begin PBXFileReference section */
		37683365ED83ED02E4D49D08 /* Pods-Record.debug.xcconfig */ = {isa = PBXFileReference; includeInIndex = 1; lastKnownFileType = text.xcconfig; name = "Pods-Record.debug.xcconfig"; path = "Pods/Target Support Files/Pods-Record/Pods-Record.debug.xcconfig"; sourceTree = "<group>"; };
		3903FA951E927DC100C5B792 /* RCInDiaryTableViewHeaderView.h */ = {isa = PBXFileReference; fileEncoding = 4; lastKnownFileType = sourcecode.c.h; path = RCInDiaryTableViewHeaderView.h; sourceTree = "<group>"; };
		3903FA961E927DC100C5B792 /* RCInDiaryTableViewHeaderView.m */ = {isa = PBXFileReference; fileEncoding = 4; lastKnownFileType = sourcecode.c.objc; path = RCInDiaryTableViewHeaderView.m; sourceTree = "<group>"; };
		3903FA981E927DC900C5B792 /* RCInDiaryTableViewHeaderView.xib */ = {isa = PBXFileReference; fileEncoding = 4; lastKnownFileType = file.xib; path = RCInDiaryTableViewHeaderView.xib; sourceTree = "<group>"; };
		3903FAA11E92914F00C5B792 /* RCInDiaryTableViewCell.h */ = {isa = PBXFileReference; fileEncoding = 4; lastKnownFileType = sourcecode.c.h; path = RCInDiaryTableViewCell.h; sourceTree = "<group>"; };
		3903FAA21E92914F00C5B792 /* RCInDiaryTableViewCell.m */ = {isa = PBXFileReference; fileEncoding = 4; lastKnownFileType = sourcecode.c.objc; path = RCInDiaryTableViewCell.m; sourceTree = "<group>"; };
		3903FAA61E93606B00C5B792 /* RCInDiaryTableViewCell.xib */ = {isa = PBXFileReference; fileEncoding = 4; lastKnownFileType = file.xib; path = RCInDiaryTableViewCell.xib; sourceTree = "<group>"; };
		3903FAAB1E936F5300C5B792 /* RCInDiaryCollectionViewCell.h */ = {isa = PBXFileReference; fileEncoding = 4; lastKnownFileType = sourcecode.c.h; path = RCInDiaryCollectionViewCell.h; sourceTree = "<group>"; };
		3903FAAC1E936F5300C5B792 /* RCInDiaryCollectionViewCell.m */ = {isa = PBXFileReference; fileEncoding = 4; lastKnownFileType = sourcecode.c.objc; path = RCInDiaryCollectionViewCell.m; sourceTree = "<group>"; };
		3903FAAD1E936F5300C5B792 /* RCInDiaryCollectionViewCell.xib */ = {isa = PBXFileReference; fileEncoding = 4; lastKnownFileType = file.xib; path = RCInDiaryCollectionViewCell.xib; sourceTree = "<group>"; };
		3903FAB01E94B67500C5B792 /* inDiary.json */ = {isa = PBXFileReference; fileEncoding = 4; lastKnownFileType = text.json; path = inDiary.json; sourceTree = "<group>"; };
		390BBB551E9220D500BBB8B5 /* RCInDiaryListViewController.h */ = {isa = PBXFileReference; fileEncoding = 4; lastKnownFileType = sourcecode.c.h; path = RCInDiaryListViewController.h; sourceTree = "<group>"; };
		390BBB561E9220D500BBB8B5 /* RCInDiaryListViewController.m */ = {isa = PBXFileReference; fileEncoding = 4; lastKnownFileType = sourcecode.c.objc; path = RCInDiaryListViewController.m; sourceTree = "<group>"; };
		3913288E1E9DF02100D7287F /* RCMainTabBarController.h */ = {isa = PBXFileReference; fileEncoding = 4; lastKnownFileType = sourcecode.c.h; path = RCMainTabBarController.h; sourceTree = "<group>"; };
		3913288F1E9DF02100D7287F /* RCMainTabBarController.m */ = {isa = PBXFileReference; fileEncoding = 4; lastKnownFileType = sourcecode.c.objc; path = RCMainTabBarController.m; sourceTree = "<group>"; };
		391328911E9F228600D7287F /* Diary.storyboard */ = {isa = PBXFileReference; fileEncoding = 4; lastKnownFileType = file.storyboard; path = Diary.storyboard; sourceTree = "<group>"; };
		391328931E9F22A400D7287F /* RCInDiaryDetailViewController.h */ = {isa = PBXFileReference; fileEncoding = 4; lastKnownFileType = sourcecode.c.h; path = RCInDiaryDetailViewController.h; sourceTree = "<group>"; };
		391328941E9F22A400D7287F /* RCInDiaryDetailViewController.m */ = {isa = PBXFileReference; fileEncoding = 4; lastKnownFileType = sourcecode.c.objc; path = RCInDiaryDetailViewController.m; sourceTree = "<group>"; };
		391328961E9F4D7300D7287F /* RCDiaryRealm.h */ = {isa = PBXFileReference; fileEncoding = 4; lastKnownFileType = sourcecode.c.h; path = RCDiaryRealm.h; sourceTree = "<group>"; };
		391328971E9F4D7300D7287F /* RCDiaryRealm.m */ = {isa = PBXFileReference; fileEncoding = 4; lastKnownFileType = sourcecode.c.objc; path = RCDiaryRealm.m; sourceTree = "<group>"; };
		391E8BFB1E977097000CC82E /* GoogleService-Info.plist */ = {isa = PBXFileReference; fileEncoding = 4; lastKnownFileType = text.plist.xml; path = "GoogleService-Info.plist"; sourceTree = "<group>"; };
		3921CB521E9A31F8005736CE /* RCInDiaryLocationView.h */ = {isa = PBXFileReference; fileEncoding = 4; lastKnownFileType = sourcecode.c.h; path = RCInDiaryLocationView.h; sourceTree = "<group>"; };
		3921CB531E9A31F8005736CE /* RCInDiaryLocationView.m */ = {isa = PBXFileReference; fileEncoding = 4; lastKnownFileType = sourcecode.c.objc; path = RCInDiaryLocationView.m; sourceTree = "<group>"; };
		3921CB551E9A31FF005736CE /* RCInDiaryLocationView.xib */ = {isa = PBXFileReference; fileEncoding = 4; lastKnownFileType = file.xib; path = RCInDiaryLocationView.xib; sourceTree = "<group>"; };
		3921CB5A1E9A5DF2005736CE /* RCInDiaryLocationViewController.h */ = {isa = PBXFileReference; fileEncoding = 4; lastKnownFileType = sourcecode.c.h; path = RCInDiaryLocationViewController.h; sourceTree = "<group>"; };
		3921CB5B1E9A5DF2005736CE /* RCInDiaryLocationViewController.m */ = {isa = PBXFileReference; fileEncoding = 4; lastKnownFileType = sourcecode.c.objc; path = RCInDiaryLocationViewController.m; sourceTree = "<group>"; };
		3930C61E1E88F21B009F457E /* Record.app */ = {isa = PBXFileReference; explicitFileType = wrapper.application; includeInIndex = 0; path = Record.app; sourceTree = BUILT_PRODUCTS_DIR; };
		3930C6221E88F21C009F457E /* main.m */ = {isa = PBXFileReference; lastKnownFileType = sourcecode.c.objc; path = main.m; sourceTree = "<group>"; };
		3930C6241E88F21C009F457E /* AppDelegate.h */ = {isa = PBXFileReference; lastKnownFileType = sourcecode.c.h; path = AppDelegate.h; sourceTree = "<group>"; };
		3930C6251E88F21C009F457E /* AppDelegate.m */ = {isa = PBXFileReference; lastKnownFileType = sourcecode.c.objc; path = AppDelegate.m; sourceTree = "<group>"; };
		3930C62B1E88F21C009F457E /* Base */ = {isa = PBXFileReference; lastKnownFileType = file.storyboard; name = Base; path = Base.lproj/Main.storyboard; sourceTree = "<group>"; };
		3930C6301E88F21C009F457E /* Base */ = {isa = PBXFileReference; lastKnownFileType = file.storyboard; name = Base; path = Base.lproj/LaunchScreen.storyboard; sourceTree = "<group>"; };
		3930C6321E88F21C009F457E /* Info.plist */ = {isa = PBXFileReference; lastKnownFileType = text.plist.xml; path = Info.plist; sourceTree = "<group>"; };
		3930C6471E88FBC7009F457E /* Member.storyboard */ = {isa = PBXFileReference; fileEncoding = 4; lastKnownFileType = file.storyboard; path = Member.storyboard; sourceTree = "<group>"; };
		3930C64E1E88FF5A009F457E /* Record-Prefix.pch */ = {isa = PBXFileReference; lastKnownFileType = sourcecode.c.h; path = "Record-Prefix.pch"; sourceTree = "<group>"; };
		398FA9E71E9685CC0030CE1A /* Assets.xcassets */ = {isa = PBXFileReference; lastKnownFileType = folder.assetcatalog; path = Assets.xcassets; sourceTree = "<group>"; };
		399401A81EA872F70021CE6A /* RCInDiaryPhotoViewController.h */ = {isa = PBXFileReference; fileEncoding = 4; lastKnownFileType = sourcecode.c.h; path = RCInDiaryPhotoViewController.h; sourceTree = "<group>"; };
		399401A91EA872F70021CE6A /* RCInDiaryPhotoViewController.m */ = {isa = PBXFileReference; fileEncoding = 4; lastKnownFileType = sourcecode.c.objc; path = RCInDiaryPhotoViewController.m; sourceTree = "<group>"; };
		39959FC31E891C91006ACF7A /* RCDiaryListViewController.h */ = {isa = PBXFileReference; fileEncoding = 4; lastKnownFileType = sourcecode.c.h; path = RCDiaryListViewController.h; sourceTree = "<group>"; };
		39959FC41E891C91006ACF7A /* RCDiaryListViewController.m */ = {isa = PBXFileReference; fileEncoding = 4; lastKnownFileType = sourcecode.c.objc; path = RCDiaryListViewController.m; sourceTree = "<group>"; };
		39959FE31E8A0B36006ACF7A /* RCDiaryTableViewFooterEmptyView.xib */ = {isa = PBXFileReference; fileEncoding = 4; lastKnownFileType = file.xib; path = RCDiaryTableViewFooterEmptyView.xib; sourceTree = "<group>"; };
		39959FE41E8A0B36006ACF7A /* RCDiaryTableViewFooterView.h */ = {isa = PBXFileReference; fileEncoding = 4; lastKnownFileType = sourcecode.c.h; path = RCDiaryTableViewFooterView.h; sourceTree = "<group>"; };
		39959FE51E8A0B36006ACF7A /* RCDiaryTableViewFooterView.m */ = {isa = PBXFileReference; fileEncoding = 4; lastKnownFileType = sourcecode.c.objc; path = RCDiaryTableViewFooterView.m; sourceTree = "<group>"; };
		39959FE61E8A0B36006ACF7A /* RCDiaryTableViewFooterView.xib */ = {isa = PBXFileReference; fileEncoding = 4; lastKnownFileType = file.xib; path = RCDiaryTableViewFooterView.xib; sourceTree = "<group>"; };
		39959FE71E8A0B36006ACF7A /* RCDiaryTableViewHeaderView.h */ = {isa = PBXFileReference; fileEncoding = 4; lastKnownFileType = sourcecode.c.h; path = RCDiaryTableViewHeaderView.h; sourceTree = "<group>"; };
		39959FE81E8A0B36006ACF7A /* RCDiaryTableViewHeaderView.m */ = {isa = PBXFileReference; fileEncoding = 4; lastKnownFileType = sourcecode.c.objc; path = RCDiaryTableViewHeaderView.m; sourceTree = "<group>"; };
		39959FE91E8A0B36006ACF7A /* RCDiaryTableViewHeaderView.xib */ = {isa = PBXFileReference; fileEncoding = 4; lastKnownFileType = file.xib; path = RCDiaryTableViewHeaderView.xib; sourceTree = "<group>"; };
		39959FF21E8A24BB006ACF7A /* RCDiaryListCustomTableViewCell.h */ = {isa = PBXFileReference; fileEncoding = 4; lastKnownFileType = sourcecode.c.h; path = RCDiaryListCustomTableViewCell.h; sourceTree = "<group>"; };
		39959FF31E8A24BB006ACF7A /* RCDiaryListCustomTableViewCell.m */ = {isa = PBXFileReference; fileEncoding = 4; lastKnownFileType = sourcecode.c.objc; path = RCDiaryListCustomTableViewCell.m; sourceTree = "<group>"; };
		39959FF41E8A24BB006ACF7A /* RCDiaryListCustomTableViewCell.xib */ = {isa = PBXFileReference; fileEncoding = 4; lastKnownFileType = file.xib; path = RCDiaryListCustomTableViewCell.xib; sourceTree = "<group>"; };
		39959FF81E8A712F006ACF7A /* RCDiaryDetailViewController.h */ = {isa = PBXFileReference; fileEncoding = 4; lastKnownFileType = sourcecode.c.h; path = RCDiaryDetailViewController.h; sourceTree = "<group>"; };
		39959FF91E8A712F006ACF7A /* RCDiaryDetailViewController.m */ = {isa = PBXFileReference; fileEncoding = 4; lastKnownFileType = sourcecode.c.objc; path = RCDiaryDetailViewController.m; sourceTree = "<group>"; };
		3995A0081E8BC4DF006ACF7A /* DateSource.h */ = {isa = PBXFileReference; fileEncoding = 4; lastKnownFileType = sourcecode.c.h; path = DateSource.h; sourceTree = "<group>"; };
		3995A0091E8BC4DF006ACF7A /* DateSource.m */ = {isa = PBXFileReference; fileEncoding = 4; lastKnownFileType = sourcecode.c.objc; path = DateSource.m; sourceTree = "<group>"; };
		3995A00E1E8CCE61006ACF7A /* RCDiaryManager.h */ = {isa = PBXFileReference; fileEncoding = 4; lastKnownFileType = sourcecode.c.h; path = RCDiaryManager.h; sourceTree = "<group>"; };
		3995A00F1E8CCE61006ACF7A /* RCDiaryManager.m */ = {isa = PBXFileReference; fileEncoding = 4; lastKnownFileType = sourcecode.c.objc; path = RCDiaryManager.m; sourceTree = "<group>"; };
		39CA02D41EA08B77001525AD /* RCInDiaryTableViewFooterView.h */ = {isa = PBXFileReference; fileEncoding = 4; lastKnownFileType = sourcecode.c.h; path = RCInDiaryTableViewFooterView.h; sourceTree = "<group>"; };
		39CA02D51EA08B77001525AD /* RCInDiaryTableViewFooterView.m */ = {isa = PBXFileReference; fileEncoding = 4; lastKnownFileType = sourcecode.c.objc; path = RCInDiaryTableViewFooterView.m; sourceTree = "<group>"; };
		39CA02D71EA08B87001525AD /* RCInDiaryTableViewFooterView.xib */ = {isa = PBXFileReference; fileEncoding = 4; lastKnownFileType = file.xib; path = RCInDiaryTableViewFooterView.xib; sourceTree = "<group>"; };
		39FB37AD1E8CE671006D299F /* RCDiaryData.h */ = {isa = PBXFileReference; fileEncoding = 4; lastKnownFileType = sourcecode.c.h; path = RCDiaryData.h; sourceTree = "<group>"; };
		39FB37AE1E8CE671006D299F /* RCDiaryData.m */ = {isa = PBXFileReference; fileEncoding = 4; lastKnownFileType = sourcecode.c.objc; path = RCDiaryData.m; sourceTree = "<group>"; };
		39FB37B41E8EBC4B006D299F /* diary.json */ = {isa = PBXFileReference; fileEncoding = 4; lastKnownFileType = text.json; path = diary.json; sourceTree = "<group>"; };
		442A62CB1E94D85700B727C7 /* RCUtilyValidation.h */ = {isa = PBXFileReference; fileEncoding = 4; lastKnownFileType = sourcecode.c.h; path = RCUtilyValidation.h; sourceTree = "<group>"; };
		442A62CC1E94D85700B727C7 /* RCUtilyValidation.m */ = {isa = PBXFileReference; fileEncoding = 4; lastKnownFileType = sourcecode.c.objc; path = RCUtilyValidation.m; sourceTree = "<group>"; };
		443E9A9A1E9349C9007C76D7 /* RCLoginStaticHeader.h */ = {isa = PBXFileReference; lastKnownFileType = sourcecode.c.h; path = RCLoginStaticHeader.h; sourceTree = "<group>"; };
		443E9A9B1E93961B007C76D7 /* RCSupportViewController.h */ = {isa = PBXFileReference; fileEncoding = 4; lastKnownFileType = sourcecode.c.h; path = RCSupportViewController.h; sourceTree = "<group>"; };
		443E9A9C1E93961B007C76D7 /* RCSupportViewController.m */ = {isa = PBXFileReference; fileEncoding = 4; lastKnownFileType = sourcecode.c.objc; path = RCSupportViewController.m; sourceTree = "<group>"; };
		4458ECDF1E8B790800EDC792 /* Setting.storyboard */ = {isa = PBXFileReference; fileEncoding = 4; lastKnownFileType = file.storyboard; path = Setting.storyboard; sourceTree = "<group>"; };
		4458ECE11E8B796D00EDC792 /* RCSettingViewController.h */ = {isa = PBXFileReference; fileEncoding = 4; lastKnownFileType = sourcecode.c.h; path = RCSettingViewController.h; sourceTree = "<group>"; };
		4458ECE21E8B796D00EDC792 /* RCSettingViewController.m */ = {isa = PBXFileReference; fileEncoding = 4; lastKnownFileType = sourcecode.c.objc; path = RCSettingViewController.m; sourceTree = "<group>"; };
		4458ECE41E8B7EF300EDC792 /* RCSettingTableViewCell.h */ = {isa = PBXFileReference; fileEncoding = 4; lastKnownFileType = sourcecode.c.h; path = RCSettingTableViewCell.h; sourceTree = "<group>"; };
		4458ECE51E8B7EF300EDC792 /* RCSettingTableViewCell.m */ = {isa = PBXFileReference; fileEncoding = 4; lastKnownFileType = sourcecode.c.objc; path = RCSettingTableViewCell.m; sourceTree = "<group>"; };
		4458ECE91E8B83D200EDC792 /* RCSettingTableInfo.h */ = {isa = PBXFileReference; fileEncoding = 4; lastKnownFileType = sourcecode.c.h; path = RCSettingTableInfo.h; sourceTree = "<group>"; };
		4458ECEA1E8B83D200EDC792 /* RCSettingTableInfo.m */ = {isa = PBXFileReference; fileEncoding = 4; lastKnownFileType = sourcecode.c.objc; path = RCSettingTableInfo.m; sourceTree = "<group>"; };
		447046021E9CA90D001D0DB4 /* splash_main_img.gif */ = {isa = PBXFileReference; lastKnownFileType = image.gif; path = splash_main_img.gif; sourceTree = "<group>"; };
		4470464A1E9CEA5C001D0DB4 /* RCSplashTutorialCollectionViewCell.h */ = {isa = PBXFileReference; fileEncoding = 4; lastKnownFileType = sourcecode.c.h; path = RCSplashTutorialCollectionViewCell.h; sourceTree = "<group>"; };
		4470464B1E9CEA5C001D0DB4 /* RCSplashTutorialCollectionViewCell.m */ = {isa = PBXFileReference; fileEncoding = 4; lastKnownFileType = sourcecode.c.objc; path = RCSplashTutorialCollectionViewCell.m; sourceTree = "<group>"; };
		448425941EA7547200C526DF /* RCMyTravelBookSecondPageView.h */ = {isa = PBXFileReference; fileEncoding = 4; lastKnownFileType = sourcecode.c.h; path = RCMyTravelBookSecondPageView.h; sourceTree = "<group>"; };
		448425951EA7547200C526DF /* RCMyTravelBookSecondPageView.m */ = {isa = PBXFileReference; fileEncoding = 4; lastKnownFileType = sourcecode.c.objc; path = RCMyTravelBookSecondPageView.m; sourceTree = "<group>"; };
		448425971EA7549400C526DF /* RCMyTravelBookSecondPageView.xib */ = {isa = PBXFileReference; fileEncoding = 4; lastKnownFileType = file.xib; path = RCMyTravelBookSecondPageView.xib; sourceTree = "<group>"; };
		448425991EA76FBF00C526DF /* RCMyTravelBookFirstPageView.h */ = {isa = PBXFileReference; fileEncoding = 4; lastKnownFileType = sourcecode.c.h; path = RCMyTravelBookFirstPageView.h; sourceTree = "<group>"; };
		4484259A1EA76FBF00C526DF /* RCMyTravelBookFirstPageView.m */ = {isa = PBXFileReference; fileEncoding = 4; lastKnownFileType = sourcecode.c.objc; path = RCMyTravelBookFirstPageView.m; sourceTree = "<group>"; };
		4484259C1EA76FD300C526DF /* RCMyTravelBookFirstPageView.xib */ = {isa = PBXFileReference; fileEncoding = 4; lastKnownFileType = file.xib; path = RCMyTravelBookFirstPageView.xib; sourceTree = "<group>"; };
		4484259E1EA7705E00C526DF /* RCMyTravelBookRemainPhotoPageView.h */ = {isa = PBXFileReference; fileEncoding = 4; lastKnownFileType = sourcecode.c.h; path = RCMyTravelBookRemainPhotoPageView.h; sourceTree = "<group>"; };
		4484259F1EA7705E00C526DF /* RCMyTravelBookRemainPhotoPageView.m */ = {isa = PBXFileReference; fileEncoding = 4; lastKnownFileType = sourcecode.c.objc; path = RCMyTravelBookRemainPhotoPageView.m; sourceTree = "<group>"; };
		448425A31EA770A800C526DF /* RCMyTravelBookRemainPhotoPageView.xib */ = {isa = PBXFileReference; fileEncoding = 4; lastKnownFileType = file.xib; path = RCMyTravelBookRemainPhotoPageView.xib; sourceTree = "<group>"; };
		448425A61EA7883500C526DF /* MPAnimation.h */ = {isa = PBXFileReference; fileEncoding = 4; lastKnownFileType = sourcecode.c.h; path = MPAnimation.h; sourceTree = "<group>"; };
		448425A71EA7883500C526DF /* MPAnimation.m */ = {isa = PBXFileReference; fileEncoding = 4; lastKnownFileType = sourcecode.c.objc; path = MPAnimation.m; sourceTree = "<group>"; };
		448425A81EA7883500C526DF /* MPFlipEnumerations.h */ = {isa = PBXFileReference; fileEncoding = 4; lastKnownFileType = sourcecode.c.h; path = MPFlipEnumerations.h; sourceTree = "<group>"; };
		448425A91EA7883500C526DF /* MPFlipTransition.h */ = {isa = PBXFileReference; fileEncoding = 4; lastKnownFileType = sourcecode.c.h; path = MPFlipTransition.h; sourceTree = "<group>"; };
		448425AA1EA7883500C526DF /* MPFlipTransition.m */ = {isa = PBXFileReference; fileEncoding = 4; lastKnownFileType = sourcecode.c.objc; path = MPFlipTransition.m; sourceTree = "<group>"; };
		448425AB1EA7883500C526DF /* MPFoldEnumerations.h */ = {isa = PBXFileReference; fileEncoding = 4; lastKnownFileType = sourcecode.c.h; path = MPFoldEnumerations.h; sourceTree = "<group>"; };
		448425AC1EA7883500C526DF /* MPFoldTransition.h */ = {isa = PBXFileReference; fileEncoding = 4; lastKnownFileType = sourcecode.c.h; path = MPFoldTransition.h; sourceTree = "<group>"; };
		448425AD1EA7883500C526DF /* MPFoldTransition.m */ = {isa = PBXFileReference; fileEncoding = 4; lastKnownFileType = sourcecode.c.objc; path = MPFoldTransition.m; sourceTree = "<group>"; };
		448425AE1EA7883500C526DF /* MPTransition.h */ = {isa = PBXFileReference; fileEncoding = 4; lastKnownFileType = sourcecode.c.h; path = MPTransition.h; sourceTree = "<group>"; };
		448425AF1EA7883500C526DF /* MPTransition.m */ = {isa = PBXFileReference; fileEncoding = 4; lastKnownFileType = sourcecode.c.objc; path = MPTransition.m; sourceTree = "<group>"; };
		448425B01EA7883500C526DF /* MPTransitionEnumerations.h */ = {isa = PBXFileReference; fileEncoding = 4; lastKnownFileType = sourcecode.c.h; path = MPTransitionEnumerations.h; sourceTree = "<group>"; };
		448425B21EA7883500C526DF /* MPFlipSegue.h */ = {isa = PBXFileReference; fileEncoding = 4; lastKnownFileType = sourcecode.c.h; path = MPFlipSegue.h; sourceTree = "<group>"; };
		448425B31EA7883500C526DF /* MPFlipSegue.m */ = {isa = PBXFileReference; fileEncoding = 4; lastKnownFileType = sourcecode.c.objc; path = MPFlipSegue.m; sourceTree = "<group>"; };
		448425B41EA7883500C526DF /* MPFoldModalSegue.h */ = {isa = PBXFileReference; fileEncoding = 4; lastKnownFileType = sourcecode.c.h; path = MPFoldModalSegue.h; sourceTree = "<group>"; };
		448425B51EA7883500C526DF /* MPFoldModalSegue.m */ = {isa = PBXFileReference; fileEncoding = 4; lastKnownFileType = sourcecode.c.objc; path = MPFoldModalSegue.m; sourceTree = "<group>"; };
		448425B61EA7883500C526DF /* MPFoldNavPopSegue.h */ = {isa = PBXFileReference; fileEncoding = 4; lastKnownFileType = sourcecode.c.h; path = MPFoldNavPopSegue.h; sourceTree = "<group>"; };
		448425B71EA7883500C526DF /* MPFoldNavPopSegue.m */ = {isa = PBXFileReference; fileEncoding = 4; lastKnownFileType = sourcecode.c.objc; path = MPFoldNavPopSegue.m; sourceTree = "<group>"; };
		448425B81EA7883500C526DF /* MPFoldNavPushSegue.h */ = {isa = PBXFileReference; fileEncoding = 4; lastKnownFileType = sourcecode.c.h; path = MPFoldNavPushSegue.h; sourceTree = "<group>"; };
		448425B91EA7883500C526DF /* MPFoldNavPushSegue.m */ = {isa = PBXFileReference; fileEncoding = 4; lastKnownFileType = sourcecode.c.objc; path = MPFoldNavPushSegue.m; sourceTree = "<group>"; };
		448425BA1EA7883500C526DF /* MPFoldSegue.h */ = {isa = PBXFileReference; fileEncoding = 4; lastKnownFileType = sourcecode.c.h; path = MPFoldSegue.h; sourceTree = "<group>"; };
		448425BB1EA7883500C526DF /* MPFoldSegue.m */ = {isa = PBXFileReference; fileEncoding = 4; lastKnownFileType = sourcecode.c.objc; path = MPFoldSegue.m; sourceTree = "<group>"; };
		44929F451E8CD700005B6C3B /* RCLoginManager.h */ = {isa = PBXFileReference; fileEncoding = 4; lastKnownFileType = sourcecode.c.h; path = RCLoginManager.h; sourceTree = "<group>"; };
		44929F461E8CD700005B6C3B /* RCLoginManager.m */ = {isa = PBXFileReference; fileEncoding = 4; lastKnownFileType = sourcecode.c.objc; path = RCLoginManager.m; sourceTree = "<group>"; };
		44AE684C1EA5E339008F4B2C /* RCMemberInfo.h */ = {isa = PBXFileReference; fileEncoding = 4; lastKnownFileType = sourcecode.c.h; path = RCMemberInfo.h; sourceTree = "<group>"; };
		44AE684D1EA5E339008F4B2C /* RCMemberInfo.m */ = {isa = PBXFileReference; fileEncoding = 4; lastKnownFileType = sourcecode.c.objc; path = RCMemberInfo.m; sourceTree = "<group>"; };
		44AE684F1EA5FD12008F4B2C /* MyTravelDiaryBook.storyboard */ = {isa = PBXFileReference; fileEncoding = 4; lastKnownFileType = file.storyboard; path = MyTravelDiaryBook.storyboard; sourceTree = "<group>"; };
		44AE68521EA60252008F4B2C /* RCMyTravelDiaryBookViewController.h */ = {isa = PBXFileReference; fileEncoding = 4; lastKnownFileType = sourcecode.c.h; path = RCMyTravelDiaryBookViewController.h; sourceTree = "<group>"; };
		44AE68531EA60252008F4B2C /* RCMyTravelDiaryBookViewController.m */ = {isa = PBXFileReference; fileEncoding = 4; lastKnownFileType = sourcecode.c.objc; path = RCMyTravelDiaryBookViewController.m; sourceTree = "<group>"; };
		44B69C071E9F277F00C32A69 /* RCMyDiaryCollectionViewCell.h */ = {isa = PBXFileReference; fileEncoding = 4; lastKnownFileType = sourcecode.c.h; path = RCMyDiaryCollectionViewCell.h; sourceTree = "<group>"; };
		44B69C081E9F277F00C32A69 /* RCMyDiaryCollectionViewCell.m */ = {isa = PBXFileReference; fileEncoding = 4; lastKnownFileType = sourcecode.c.objc; path = RCMyDiaryCollectionViewCell.m; sourceTree = "<group>"; };
		44B69C0A1E9F3CBE00C32A69 /* RCMyDiaryViewController.h */ = {isa = PBXFileReference; fileEncoding = 4; lastKnownFileType = sourcecode.c.h; path = RCMyDiaryViewController.h; sourceTree = "<group>"; };
		44B69C0B1E9F3CBE00C32A69 /* RCMyDiaryViewController.m */ = {isa = PBXFileReference; fileEncoding = 4; lastKnownFileType = sourcecode.c.objc; path = RCMyDiaryViewController.m; sourceTree = "<group>"; };
		44B69C0D1E9F5CA700C32A69 /* RCMyDiaryCollectionViewFlowLayout.h */ = {isa = PBXFileReference; fileEncoding = 4; lastKnownFileType = sourcecode.c.h; path = RCMyDiaryCollectionViewFlowLayout.h; sourceTree = "<group>"; };
		44B69C0E1E9F5CA700C32A69 /* RCMyDiaryCollectionViewFlowLayout.m */ = {isa = PBXFileReference; fileEncoding = 4; lastKnownFileType = sourcecode.c.objc; path = RCMyDiaryCollectionViewFlowLayout.m; sourceTree = "<group>"; };
		44CE78761E91F492004A3ED3 /* RCSettingHeaderView.h */ = {isa = PBXFileReference; fileEncoding = 4; lastKnownFileType = sourcecode.c.h; path = RCSettingHeaderView.h; sourceTree = "<group>"; };
		44CE78771E91F492004A3ED3 /* RCSettingHeaderView.m */ = {isa = PBXFileReference; fileEncoding = 4; lastKnownFileType = sourcecode.c.objc; path = RCSettingHeaderView.m; sourceTree = "<group>"; };
		44CE78791E91F549004A3ED3 /* RCSettingHeaderView.xib */ = {isa = PBXFileReference; fileEncoding = 4; lastKnownFileType = file.xib; path = RCSettingHeaderView.xib; sourceTree = "<group>"; };
		44CE78891E92A50B004A3ED3 /* RCProfileViewController.h */ = {isa = PBXFileReference; fileEncoding = 4; lastKnownFileType = sourcecode.c.h; path = RCProfileViewController.h; sourceTree = "<group>"; };
		44CE788A1E92A50B004A3ED3 /* RCProfileViewController.m */ = {isa = PBXFileReference; fileEncoding = 4; lastKnownFileType = sourcecode.c.objc; path = RCProfileViewController.m; sourceTree = "<group>"; };
		44D61A161E89314C0088FA2B /* RCSplashViewController.h */ = {isa = PBXFileReference; fileEncoding = 4; lastKnownFileType = sourcecode.c.h; path = RCSplashViewController.h; sourceTree = "<group>"; };
		44D61A171E89314C0088FA2B /* RCSplashViewController.m */ = {isa = PBXFileReference; fileEncoding = 4; lastKnownFileType = sourcecode.c.objc; path = RCSplashViewController.m; sourceTree = "<group>"; };
		44D61A191E893BC70088FA2B /* SourceSansPro-Bold.otf */ = {isa = PBXFileReference; lastKnownFileType = file; path = "SourceSansPro-Bold.otf"; sourceTree = "<group>"; };
		44D61A1A1E893BC70088FA2B /* SourceSansPro-Regular.otf */ = {isa = PBXFileReference; lastKnownFileType = file; path = "SourceSansPro-Regular.otf"; sourceTree = "<group>"; };
		44D61A1D1E893C4E0088FA2B /* SourceSansPro-Semibold.otf */ = {isa = PBXFileReference; lastKnownFileType = file; path = "SourceSansPro-Semibold.otf"; sourceTree = "<group>"; };
		44D61A1F1E896E070088FA2B /* RCSignInViewController.h */ = {isa = PBXFileReference; fileEncoding = 4; lastKnownFileType = sourcecode.c.h; path = RCSignInViewController.h; sourceTree = "<group>"; };
		44D61A201E896E070088FA2B /* RCSignInViewController.m */ = {isa = PBXFileReference; fileEncoding = 4; lastKnownFileType = sourcecode.c.objc; path = RCSignInViewController.m; sourceTree = "<group>"; };
		44D61A221E896E1F0088FA2B /* RCSignUpViewController.h */ = {isa = PBXFileReference; fileEncoding = 4; lastKnownFileType = sourcecode.c.h; path = RCSignUpViewController.h; sourceTree = "<group>"; };
		44D61A231E896E1F0088FA2B /* RCSignUpViewController.m */ = {isa = PBXFileReference; fileEncoding = 4; lastKnownFileType = sourcecode.c.objc; path = RCSignUpViewController.m; sourceTree = "<group>"; };
		44D61A251E8972410088FA2B /* RCSignConfigViewController.h */ = {isa = PBXFileReference; fileEncoding = 4; lastKnownFileType = sourcecode.c.h; path = RCSignConfigViewController.h; sourceTree = "<group>"; };
		44D61A261E8972410088FA2B /* RCSignConfigViewController.m */ = {isa = PBXFileReference; fileEncoding = 4; lastKnownFileType = sourcecode.c.objc; path = RCSignConfigViewController.m; sourceTree = "<group>"; };
		44F4FE451E8CF023008CED9B /* TempLogoutViewController.h */ = {isa = PBXFileReference; fileEncoding = 4; lastKnownFileType = sourcecode.c.h; path = TempLogoutViewController.h; sourceTree = "<group>"; };
		44F4FE461E8CF023008CED9B /* TempLogoutViewController.m */ = {isa = PBXFileReference; fileEncoding = 4; lastKnownFileType = sourcecode.c.objc; path = TempLogoutViewController.m; sourceTree = "<group>"; };
		44F4FE481E8D0EA5008CED9B /* userInfoDummy.json */ = {isa = PBXFileReference; fileEncoding = 4; lastKnownFileType = text.json; path = userInfoDummy.json; sourceTree = "<group>"; };
		84204659D1372BB76B27C5E6 /* libPods-Record.a */ = {isa = PBXFileReference; explicitFileType = archive.ar; includeInIndex = 0; path = "libPods-Record.a"; sourceTree = BUILT_PRODUCTS_DIR; };
		C8E10F661C41DA25751724C5 /* Pods-Record.release.xcconfig */ = {isa = PBXFileReference; includeInIndex = 1; lastKnownFileType = text.xcconfig; name = "Pods-Record.release.xcconfig"; path = "Pods/Target Support Files/Pods-Record/Pods-Record.release.xcconfig"; sourceTree = "<group>"; };
/* End PBXFileReference section */

/* Begin PBXFrameworksBuildPhase section */
		3930C61B1E88F21B009F457E /* Frameworks */ = {
			isa = PBXFrameworksBuildPhase;
			buildActionMask = 2147483647;
			files = (
				A912FF3531A493E3A1ED367E /* libPods-Record.a in Frameworks */,
			);
			runOnlyForDeploymentPostprocessing = 0;
		};
/* End PBXFrameworksBuildPhase section */

/* Begin PBXGroup section */
		3903FA941E927D2400C5B792 /* InDiary */ = {
			isa = PBXGroup;
			children = (
				3903FA951E927DC100C5B792 /* RCInDiaryTableViewHeaderView.h */,
				3903FA961E927DC100C5B792 /* RCInDiaryTableViewHeaderView.m */,
				3903FA981E927DC900C5B792 /* RCInDiaryTableViewHeaderView.xib */,
				39CA02D41EA08B77001525AD /* RCInDiaryTableViewFooterView.h */,
				39CA02D51EA08B77001525AD /* RCInDiaryTableViewFooterView.m */,
				39CA02D71EA08B87001525AD /* RCInDiaryTableViewFooterView.xib */,
				3903FAA11E92914F00C5B792 /* RCInDiaryTableViewCell.h */,
				3903FAA21E92914F00C5B792 /* RCInDiaryTableViewCell.m */,
				3903FAA61E93606B00C5B792 /* RCInDiaryTableViewCell.xib */,
				3903FAAB1E936F5300C5B792 /* RCInDiaryCollectionViewCell.h */,
				3903FAAC1E936F5300C5B792 /* RCInDiaryCollectionViewCell.m */,
				3903FAAD1E936F5300C5B792 /* RCInDiaryCollectionViewCell.xib */,
				3921CB521E9A31F8005736CE /* RCInDiaryLocationView.h */,
				3921CB531E9A31F8005736CE /* RCInDiaryLocationView.m */,
				3921CB551E9A31FF005736CE /* RCInDiaryLocationView.xib */,
			);
			name = InDiary;
			sourceTree = "<group>";
		};
		3930C6151E88F21B009F457E = {
			isa = PBXGroup;
			children = (
				3930C6201E88F21B009F457E /* Record */,
				3930C61F1E88F21B009F457E /* Products */,
				3E3BF19256C50CAD345F803E /* Pods */,
				F0A73BE75B892B464A3D466B /* Frameworks */,
			);
			sourceTree = "<group>";
		};
		3930C61F1E88F21B009F457E /* Products */ = {
			isa = PBXGroup;
			children = (
				3930C61E1E88F21B009F457E /* Record.app */,
			);
			name = Products;
			sourceTree = "<group>";
		};
		3930C6201E88F21B009F457E /* Record */ = {
			isa = PBXGroup;
			children = (
				3930C6501E89010E009F457E /* AppDelegate */,
				3930C63A1E88FAB3009F457E /* Model */,
				3930C63B1E88FABC009F457E /* View */,
				3930C63C1E88FAC1009F457E /* Controller */,
				3930C64F1E88FFCC009F457E /* Utility */,
				3930C6531E8902F5009F457E /* Temp */,
				3930C6211E88F21B009F457E /* Supporting Files */,
				448425A51EA7883500C526DF /* MPFoldTransition */,
				3930C6321E88F21C009F457E /* Info.plist */,
				391E8BFB1E977097000CC82E /* GoogleService-Info.plist */,
				39FB37B41E8EBC4B006D299F /* diary.json */,
				3903FAB01E94B67500C5B792 /* inDiary.json */,
				398FA9E71E9685CC0030CE1A /* Assets.xcassets */,
				447046021E9CA90D001D0DB4 /* splash_main_img.gif */,
			);
			path = Record;
			sourceTree = "<group>";
		};
		3930C6211E88F21B009F457E /* Supporting Files */ = {
			isa = PBXGroup;
			children = (
				3930C6221E88F21C009F457E /* main.m */,
			);
			name = "Supporting Files";
			sourceTree = "<group>";
		};
		3930C63A1E88FAB3009F457E /* Model */ = {
			isa = PBXGroup;
			children = (
				3930C64C1E88FF01009F457E /* Common */,
				3930C6511E8901C5009F457E /* Source */,
				3930C6521E8901D3009F457E /* Data */,
			);
			name = Model;
			sourceTree = "<group>";
		};
		3930C63B1E88FABC009F457E /* View */ = {
			isa = PBXGroup;
			children = (
				3903FA941E927D2400C5B792 /* InDiary */,
				39959FF71E8A274E006ACF7A /* Diary */,
				3930C64B1E88FBE7009F457E /* Storyboard */,
				44CE787B1E928B49004A3ED3 /* Setting */,
				44AE68511EA5FD52008F4B2C /* DiaryBook */,
			);
			name = View;
			sourceTree = "<group>";
		};
		3930C63C1E88FAC1009F457E /* Controller */ = {
			isa = PBXGroup;
			children = (
				3930C6451E88FB57009F457E /* Common */,
				3930C6441E88FB52009F457E /* Member */,
				3930C6431E88FB4C009F457E /* Diary */,
				3930C6421E88FB45009F457E /* InDiary */,
				3930C6411E88FB40009F457E /* Setting */,
			);
			name = Controller;
			sourceTree = "<group>";
		};
		3930C6411E88FB40009F457E /* Setting */ = {
			isa = PBXGroup;
			children = (
				44CE78891E92A50B004A3ED3 /* RCProfileViewController.h */,
				44CE788A1E92A50B004A3ED3 /* RCProfileViewController.m */,
				4458ECE11E8B796D00EDC792 /* RCSettingViewController.h */,
				4458ECE21E8B796D00EDC792 /* RCSettingViewController.m */,
				4458ECE41E8B7EF300EDC792 /* RCSettingTableViewCell.h */,
				4458ECE51E8B7EF300EDC792 /* RCSettingTableViewCell.m */,
				443E9A9B1E93961B007C76D7 /* RCSupportViewController.h */,
				443E9A9C1E93961B007C76D7 /* RCSupportViewController.m */,
				44B69C0A1E9F3CBE00C32A69 /* RCMyDiaryViewController.h */,
				44B69C0B1E9F3CBE00C32A69 /* RCMyDiaryViewController.m */,
				44B69C071E9F277F00C32A69 /* RCMyDiaryCollectionViewCell.h */,
				44B69C081E9F277F00C32A69 /* RCMyDiaryCollectionViewCell.m */,
				44B69C0D1E9F5CA700C32A69 /* RCMyDiaryCollectionViewFlowLayout.h */,
				44B69C0E1E9F5CA700C32A69 /* RCMyDiaryCollectionViewFlowLayout.m */,
				44AE68521EA60252008F4B2C /* RCMyTravelDiaryBookViewController.h */,
				44AE68531EA60252008F4B2C /* RCMyTravelDiaryBookViewController.m */,
			);
			name = Setting;
			sourceTree = "<group>";
		};
		3930C6421E88FB45009F457E /* InDiary */ = {
			isa = PBXGroup;
			children = (
				390BBB551E9220D500BBB8B5 /* RCInDiaryListViewController.h */,
				390BBB561E9220D500BBB8B5 /* RCInDiaryListViewController.m */,
				391328931E9F22A400D7287F /* RCInDiaryDetailViewController.h */,
				391328941E9F22A400D7287F /* RCInDiaryDetailViewController.m */,
				3921CB5A1E9A5DF2005736CE /* RCInDiaryLocationViewController.h */,
				3921CB5B1E9A5DF2005736CE /* RCInDiaryLocationViewController.m */,
				399401A81EA872F70021CE6A /* RCInDiaryPhotoViewController.h */,
				399401A91EA872F70021CE6A /* RCInDiaryPhotoViewController.m */,
			);
			name = InDiary;
			sourceTree = "<group>";
		};
		3930C6431E88FB4C009F457E /* Diary */ = {
			isa = PBXGroup;
			children = (
				39959FC31E891C91006ACF7A /* RCDiaryListViewController.h */,
				39959FC41E891C91006ACF7A /* RCDiaryListViewController.m */,
				39959FF81E8A712F006ACF7A /* RCDiaryDetailViewController.h */,
				39959FF91E8A712F006ACF7A /* RCDiaryDetailViewController.m */,
			);
			name = Diary;
			sourceTree = "<group>";
		};
		3930C6441E88FB52009F457E /* Member */ = {
			isa = PBXGroup;
			children = (
				44D61A161E89314C0088FA2B /* RCSplashViewController.h */,
				44D61A171E89314C0088FA2B /* RCSplashViewController.m */,
				4470464A1E9CEA5C001D0DB4 /* RCSplashTutorialCollectionViewCell.h */,
				4470464B1E9CEA5C001D0DB4 /* RCSplashTutorialCollectionViewCell.m */,
				44D61A251E8972410088FA2B /* RCSignConfigViewController.h */,
				44D61A261E8972410088FA2B /* RCSignConfigViewController.m */,
				44D61A1F1E896E070088FA2B /* RCSignInViewController.h */,
				44D61A201E896E070088FA2B /* RCSignInViewController.m */,
				44D61A221E896E1F0088FA2B /* RCSignUpViewController.h */,
				44D61A231E896E1F0088FA2B /* RCSignUpViewController.m */,
			);
			name = Member;
			sourceTree = "<group>";
		};
		3930C6451E88FB57009F457E /* Common */ = {
			isa = PBXGroup;
			children = (
				3913288E1E9DF02100D7287F /* RCMainTabBarController.h */,
				3913288F1E9DF02100D7287F /* RCMainTabBarController.m */,
			);
			name = Common;
			sourceTree = "<group>";
		};
		3930C64B1E88FBE7009F457E /* Storyboard */ = {
			isa = PBXGroup;
			children = (
				3930C62F1E88F21C009F457E /* LaunchScreen.storyboard */,
				3930C62A1E88F21C009F457E /* Main.storyboard */,
				3930C6471E88FBC7009F457E /* Member.storyboard */,
				391328911E9F228600D7287F /* Diary.storyboard */,
				4458ECDF1E8B790800EDC792 /* Setting.storyboard */,
				44AE684F1EA5FD12008F4B2C /* MyTravelDiaryBook.storyboard */,
			);
			name = Storyboard;
			sourceTree = "<group>";
		};
		3930C64C1E88FF01009F457E /* Common */ = {
			isa = PBXGroup;
			children = (
				3930C64E1E88FF5A009F457E /* Record-Prefix.pch */,
				443E9A9A1E9349C9007C76D7 /* RCLoginStaticHeader.h */,
			);
			name = Common;
			sourceTree = "<group>";
		};
		3930C64F1E88FFCC009F457E /* Utility */ = {
			isa = PBXGroup;
			children = (
				442A62CB1E94D85700B727C7 /* RCUtilyValidation.h */,
				442A62CC1E94D85700B727C7 /* RCUtilyValidation.m */,
			);
			name = Utility;
			sourceTree = "<group>";
		};
		3930C6501E89010E009F457E /* AppDelegate */ = {
			isa = PBXGroup;
			children = (
				3930C6241E88F21C009F457E /* AppDelegate.h */,
				3930C6251E88F21C009F457E /* AppDelegate.m */,
			);
			name = AppDelegate;
			sourceTree = "<group>";
		};
		3930C6511E8901C5009F457E /* Source */ = {
			isa = PBXGroup;
			children = (
				3995A0081E8BC4DF006ACF7A /* DateSource.h */,
				3995A0091E8BC4DF006ACF7A /* DateSource.m */,
				3995A00E1E8CCE61006ACF7A /* RCDiaryManager.h */,
				3995A00F1E8CCE61006ACF7A /* RCDiaryManager.m */,
				44929F451E8CD700005B6C3B /* RCLoginManager.h */,
				44929F461E8CD700005B6C3B /* RCLoginManager.m */,
			);
			name = Source;
			sourceTree = "<group>";
		};
		3930C6521E8901D3009F457E /* Data */ = {
			isa = PBXGroup;
			children = (
				39FB37AD1E8CE671006D299F /* RCDiaryData.h */,
				39FB37AE1E8CE671006D299F /* RCDiaryData.m */,
				391328961E9F4D7300D7287F /* RCDiaryRealm.h */,
				391328971E9F4D7300D7287F /* RCDiaryRealm.m */,
				4458ECE91E8B83D200EDC792 /* RCSettingTableInfo.h */,
				4458ECEA1E8B83D200EDC792 /* RCSettingTableInfo.m */,
				44AE684C1EA5E339008F4B2C /* RCMemberInfo.h */,
				44AE684D1EA5E339008F4B2C /* RCMemberInfo.m */,
			);
			name = Data;
			sourceTree = "<group>";
		};
		3930C6531E8902F5009F457E /* Temp */ = {
			isa = PBXGroup;
			children = (
				44F4FE451E8CF023008CED9B /* TempLogoutViewController.h */,
				44F4FE461E8CF023008CED9B /* TempLogoutViewController.m */,
				44D61A191E893BC70088FA2B /* SourceSansPro-Bold.otf */,
				44D61A1A1E893BC70088FA2B /* SourceSansPro-Regular.otf */,
				44D61A1D1E893C4E0088FA2B /* SourceSansPro-Semibold.otf */,
				44F4FE481E8D0EA5008CED9B /* userInfoDummy.json */,
			);
			name = Temp;
			sourceTree = "<group>";
		};
		39959FF71E8A274E006ACF7A /* Diary */ = {
			isa = PBXGroup;
			children = (
				39959FE71E8A0B36006ACF7A /* RCDiaryTableViewHeaderView.h */,
				39959FE81E8A0B36006ACF7A /* RCDiaryTableViewHeaderView.m */,
				39959FE91E8A0B36006ACF7A /* RCDiaryTableViewHeaderView.xib */,
				39959FE41E8A0B36006ACF7A /* RCDiaryTableViewFooterView.h */,
				39959FE51E8A0B36006ACF7A /* RCDiaryTableViewFooterView.m */,
				39959FE61E8A0B36006ACF7A /* RCDiaryTableViewFooterView.xib */,
				39959FE31E8A0B36006ACF7A /* RCDiaryTableViewFooterEmptyView.xib */,
				39959FF21E8A24BB006ACF7A /* RCDiaryListCustomTableViewCell.h */,
				39959FF31E8A24BB006ACF7A /* RCDiaryListCustomTableViewCell.m */,
				39959FF41E8A24BB006ACF7A /* RCDiaryListCustomTableViewCell.xib */,
			);
			name = Diary;
			sourceTree = "<group>";
		};
		3E3BF19256C50CAD345F803E /* Pods */ = {
			isa = PBXGroup;
			children = (
				37683365ED83ED02E4D49D08 /* Pods-Record.debug.xcconfig */,
				C8E10F661C41DA25751724C5 /* Pods-Record.release.xcconfig */,
			);
			name = Pods;
			sourceTree = "<group>";
		};
		448425A51EA7883500C526DF /* MPFoldTransition */ = {
			isa = PBXGroup;
			children = (
				448425A61EA7883500C526DF /* MPAnimation.h */,
				448425A71EA7883500C526DF /* MPAnimation.m */,
				448425A81EA7883500C526DF /* MPFlipEnumerations.h */,
				448425A91EA7883500C526DF /* MPFlipTransition.h */,
				448425AA1EA7883500C526DF /* MPFlipTransition.m */,
				448425AB1EA7883500C526DF /* MPFoldEnumerations.h */,
				448425AC1EA7883500C526DF /* MPFoldTransition.h */,
				448425AD1EA7883500C526DF /* MPFoldTransition.m */,
				448425AE1EA7883500C526DF /* MPTransition.h */,
				448425AF1EA7883500C526DF /* MPTransition.m */,
				448425B01EA7883500C526DF /* MPTransitionEnumerations.h */,
				448425B11EA7883500C526DF /* Segues */,
			);
			path = MPFoldTransition;
			sourceTree = "<group>";
		};
		448425B11EA7883500C526DF /* Segues */ = {
			isa = PBXGroup;
			children = (
				448425B21EA7883500C526DF /* MPFlipSegue.h */,
				448425B31EA7883500C526DF /* MPFlipSegue.m */,
				448425B41EA7883500C526DF /* MPFoldModalSegue.h */,
				448425B51EA7883500C526DF /* MPFoldModalSegue.m */,
				448425B61EA7883500C526DF /* MPFoldNavPopSegue.h */,
				448425B71EA7883500C526DF /* MPFoldNavPopSegue.m */,
				448425B81EA7883500C526DF /* MPFoldNavPushSegue.h */,
				448425B91EA7883500C526DF /* MPFoldNavPushSegue.m */,
				448425BA1EA7883500C526DF /* MPFoldSegue.h */,
				448425BB1EA7883500C526DF /* MPFoldSegue.m */,
			);
			path = Segues;
			sourceTree = "<group>";
		};
		44AE68511EA5FD52008F4B2C /* DiaryBook */ = {
			isa = PBXGroup;
			children = (
				448425991EA76FBF00C526DF /* RCMyTravelBookFirstPageView.h */,
				4484259A1EA76FBF00C526DF /* RCMyTravelBookFirstPageView.m */,
				4484259C1EA76FD300C526DF /* RCMyTravelBookFirstPageView.xib */,
				448425941EA7547200C526DF /* RCMyTravelBookSecondPageView.h */,
				448425951EA7547200C526DF /* RCMyTravelBookSecondPageView.m */,
				448425971EA7549400C526DF /* RCMyTravelBookSecondPageView.xib */,
				4484259E1EA7705E00C526DF /* RCMyTravelBookRemainPhotoPageView.h */,
				4484259F1EA7705E00C526DF /* RCMyTravelBookRemainPhotoPageView.m */,
				448425A31EA770A800C526DF /* RCMyTravelBookRemainPhotoPageView.xib */,
			);
			name = DiaryBook;
			sourceTree = "<group>";
		};
		44CE787B1E928B49004A3ED3 /* Setting */ = {
			isa = PBXGroup;
			children = (
				44CE78761E91F492004A3ED3 /* RCSettingHeaderView.h */,
				44CE78771E91F492004A3ED3 /* RCSettingHeaderView.m */,
				44CE78791E91F549004A3ED3 /* RCSettingHeaderView.xib */,
			);
			name = Setting;
			sourceTree = "<group>";
		};
		F0A73BE75B892B464A3D466B /* Frameworks */ = {
			isa = PBXGroup;
			children = (
				84204659D1372BB76B27C5E6 /* libPods-Record.a */,
			);
			name = Frameworks;
			sourceTree = "<group>";
		};
/* End PBXGroup section */

/* Begin PBXNativeTarget section */
		3930C61D1E88F21B009F457E /* Record */ = {
			isa = PBXNativeTarget;
			buildConfigurationList = 3930C6351E88F21C009F457E /* Build configuration list for PBXNativeTarget "Record" */;
			buildPhases = (
				A75EB7602FAF15D9AF623DB6 /* [CP] Check Pods Manifest.lock */,
				3930C61A1E88F21B009F457E /* Sources */,
				3930C61B1E88F21B009F457E /* Frameworks */,
				3930C61C1E88F21B009F457E /* Resources */,
				FF5097C1D688D3BB8E3E9C38 /* [CP] Embed Pods Frameworks */,
				0F8599B8DD24E054219B6C20 /* [CP] Copy Pods Resources */,
			);
			buildRules = (
			);
			dependencies = (
			);
			name = Record;
			productName = Record;
			productReference = 3930C61E1E88F21B009F457E /* Record.app */;
			productType = "com.apple.product-type.application";
		};
/* End PBXNativeTarget section */

/* Begin PBXProject section */
		3930C6161E88F21B009F457E /* Project object */ = {
			isa = PBXProject;
			attributes = {
				LastUpgradeCheck = 0820;
				ORGANIZATIONNAME = whalebab;
				TargetAttributes = {
					3930C61D1E88F21B009F457E = {
						CreatedOnToolsVersion = 8.2.1;
						DevelopmentTeam = NN7QXHC8A3;
						ProvisioningStyle = Automatic;
					};
				};
			};
			buildConfigurationList = 3930C6191E88F21B009F457E /* Build configuration list for PBXProject "Record" */;
			compatibilityVersion = "Xcode 3.2";
			developmentRegion = English;
			hasScannedForEncodings = 0;
			knownRegions = (
				en,
				Base,
			);
			mainGroup = 3930C6151E88F21B009F457E;
			productRefGroup = 3930C61F1E88F21B009F457E /* Products */;
			projectDirPath = "";
			projectRoot = "";
			targets = (
				3930C61D1E88F21B009F457E /* Record */,
			);
		};
/* End PBXProject section */

/* Begin PBXResourcesBuildPhase section */
		3930C61C1E88F21B009F457E /* Resources */ = {
			isa = PBXResourcesBuildPhase;
			buildActionMask = 2147483647;
			files = (
				39FB37B51E8EBC4B006D299F /* diary.json in Resources */,
				4484259D1EA76FD300C526DF /* RCMyTravelBookFirstPageView.xib in Resources */,
				3930C6311E88F21C009F457E /* LaunchScreen.storyboard in Resources */,
				3903FAB11E94B67500C5B792 /* inDiary.json in Resources */,
				3921CB561E9A31FF005736CE /* RCInDiaryLocationView.xib in Resources */,
				39CA02D81EA08B87001525AD /* RCInDiaryTableViewFooterView.xib in Resources */,
				44AE68501EA5FD12008F4B2C /* MyTravelDiaryBook.storyboard in Resources */,
				448425981EA7549400C526DF /* RCMyTravelBookSecondPageView.xib in Resources */,
				448425A41EA770A800C526DF /* RCMyTravelBookRemainPhotoPageView.xib in Resources */,
				39959FF61E8A24BB006ACF7A /* RCDiaryListCustomTableViewCell.xib in Resources */,
				3930C6481E88FBC7009F457E /* Member.storyboard in Resources */,
				3903FAA71E93606B00C5B792 /* RCInDiaryTableViewCell.xib in Resources */,
				39959FEA1E8A0B36006ACF7A /* RCDiaryTableViewFooterEmptyView.xib in Resources */,
				3903FAAF1E936F5300C5B792 /* RCInDiaryCollectionViewCell.xib in Resources */,
				44D61A1E1E893C4E0088FA2B /* SourceSansPro-Semibold.otf in Resources */,
				398FA9E81E9685CC0030CE1A /* Assets.xcassets in Resources */,
				3903FA991E927DC900C5B792 /* RCInDiaryTableViewHeaderView.xib in Resources */,
				391328921E9F228600D7287F /* Diary.storyboard in Resources */,
				4458ECE01E8B790800EDC792 /* Setting.storyboard in Resources */,
				44D61A1B1E893BC70088FA2B /* SourceSansPro-Bold.otf in Resources */,
				447046031E9CA90D001D0DB4 /* splash_main_img.gif in Resources */,
				3930C62C1E88F21C009F457E /* Main.storyboard in Resources */,
				39959FEC1E8A0B36006ACF7A /* RCDiaryTableViewFooterView.xib in Resources */,
				44CE787A1E91F549004A3ED3 /* RCSettingHeaderView.xib in Resources */,
				391E8BFC1E977097000CC82E /* GoogleService-Info.plist in Resources */,
				39959FEE1E8A0B36006ACF7A /* RCDiaryTableViewHeaderView.xib in Resources */,
				44D61A1C1E893BC70088FA2B /* SourceSansPro-Regular.otf in Resources */,
				44F4FE491E8D0EA5008CED9B /* userInfoDummy.json in Resources */,
			);
			runOnlyForDeploymentPostprocessing = 0;
		};
/* End PBXResourcesBuildPhase section */

/* Begin PBXShellScriptBuildPhase section */
		0F8599B8DD24E054219B6C20 /* [CP] Copy Pods Resources */ = {
			isa = PBXShellScriptBuildPhase;
			buildActionMask = 2147483647;
			files = (
			);
			inputPaths = (
			);
			name = "[CP] Copy Pods Resources";
			outputPaths = (
			);
			runOnlyForDeploymentPostprocessing = 0;
			shellPath = /bin/sh;
			shellScript = "\"${SRCROOT}/Pods/Target Support Files/Pods-Record/Pods-Record-resources.sh\"\n";
			showEnvVarsInLog = 0;
		};
		A75EB7602FAF15D9AF623DB6 /* [CP] Check Pods Manifest.lock */ = {
			isa = PBXShellScriptBuildPhase;
			buildActionMask = 2147483647;
			files = (
			);
			inputPaths = (
			);
			name = "[CP] Check Pods Manifest.lock";
			outputPaths = (
			);
			runOnlyForDeploymentPostprocessing = 0;
			shellPath = /bin/sh;
			shellScript = "diff \"${PODS_ROOT}/../Podfile.lock\" \"${PODS_ROOT}/Manifest.lock\" > /dev/null\nif [ $? != 0 ] ; then\n    # print error to STDERR\n    echo \"error: The sandbox is not in sync with the Podfile.lock. Run 'pod install' or update your CocoaPods installation.\" >&2\n    exit 1\nfi\n";
			showEnvVarsInLog = 0;
		};
		FF5097C1D688D3BB8E3E9C38 /* [CP] Embed Pods Frameworks */ = {
			isa = PBXShellScriptBuildPhase;
			buildActionMask = 2147483647;
			files = (
			);
			inputPaths = (
			);
			name = "[CP] Embed Pods Frameworks";
			outputPaths = (
			);
			runOnlyForDeploymentPostprocessing = 0;
			shellPath = /bin/sh;
			shellScript = "\"${SRCROOT}/Pods/Target Support Files/Pods-Record/Pods-Record-frameworks.sh\"\n";
			showEnvVarsInLog = 0;
		};
/* End PBXShellScriptBuildPhase section */

/* Begin PBXSourcesBuildPhase section */
		3930C61A1E88F21B009F457E /* Sources */ = {
			isa = PBXSourcesBuildPhase;
			buildActionMask = 2147483647;
			files = (
				391328901E9DF02100D7287F /* RCMainTabBarController.m in Sources */,
				3903FAA41E92914F00C5B792 /* RCInDiaryTableViewCell.m in Sources */,
				4470464C1E9CEA5C001D0DB4 /* RCSplashTutorialCollectionViewCell.m in Sources */,
				3995A0101E8CCE61006ACF7A /* RCDiaryManager.m in Sources */,
				3903FA971E927DC100C5B792 /* RCInDiaryTableViewHeaderView.m in Sources */,
				44929F471E8CD700005B6C3B /* RCLoginManager.m in Sources */,
				3903FAAE1E936F5300C5B792 /* RCInDiaryCollectionViewCell.m in Sources */,
				399401AA1EA872F70021CE6A /* RCInDiaryPhotoViewController.m in Sources */,
				39959FFA1E8A712F006ACF7A /* RCDiaryDetailViewController.m in Sources */,
				39959FC51E891C91006ACF7A /* RCDiaryListViewController.m in Sources */,
				44CE78781E91F492004A3ED3 /* RCSettingHeaderView.m in Sources */,
				39959FED1E8A0B36006ACF7A /* RCDiaryTableViewHeaderView.m in Sources */,
				390BBB571E9220D500BBB8B5 /* RCInDiaryListViewController.m in Sources */,
				443E9A9D1E93961B007C76D7 /* RCSupportViewController.m in Sources */,
				39959FF51E8A24BB006ACF7A /* RCDiaryListCustomTableViewCell.m in Sources */,
				448425C41EA7883500C526DF /* MPFoldSegue.m in Sources */,
				44CE788B1E92A50B004A3ED3 /* RCProfileViewController.m in Sources */,
				44D61A211E896E070088FA2B /* RCSignInViewController.m in Sources */,
				3921CB541E9A31F8005736CE /* RCInDiaryLocationView.m in Sources */,
				391328951E9F22A400D7287F /* RCInDiaryDetailViewController.m in Sources */,
				39959FEB1E8A0B36006ACF7A /* RCDiaryTableViewFooterView.m in Sources */,
				448425BF1EA7883500C526DF /* MPTransition.m in Sources */,
				4458ECE61E8B7EF300EDC792 /* RCSettingTableViewCell.m in Sources */,
				448425BD1EA7883500C526DF /* MPFlipTransition.m in Sources */,
				44D61A271E8972410088FA2B /* RCSignConfigViewController.m in Sources */,
				4458ECEB1E8B83D200EDC792 /* RCSettingTableInfo.m in Sources */,
				44B69C091E9F277F00C32A69 /* RCMyDiaryCollectionViewCell.m in Sources */,
				448425C21EA7883500C526DF /* MPFoldNavPopSegue.m in Sources */,
				3930C6261E88F21C009F457E /* AppDelegate.m in Sources */,
				44D61A181E89314C0088FA2B /* RCSplashViewController.m in Sources */,
				448425BE1EA7883500C526DF /* MPFoldTransition.m in Sources */,
				3930C6231E88F21C009F457E /* main.m in Sources */,
				44F4FE471E8CF023008CED9B /* TempLogoutViewController.m in Sources */,
				391328981E9F4D7300D7287F /* RCDiaryRealm.m in Sources */,
				3995A00A1E8BC4DF006ACF7A /* DateSource.m in Sources */,
				442A62CD1E94D85700B727C7 /* RCUtilyValidation.m in Sources */,
				448425961EA7547200C526DF /* RCMyTravelBookSecondPageView.m in Sources */,
				44AE684E1EA5E339008F4B2C /* RCMemberInfo.m in Sources */,
				4484259B1EA76FBF00C526DF /* RCMyTravelBookFirstPageView.m in Sources */,
				448425BC1EA7883500C526DF /* MPAnimation.m in Sources */,
				448425C11EA7883500C526DF /* MPFoldModalSegue.m in Sources */,
				44B69C0F1E9F5CA700C32A69 /* RCMyDiaryCollectionViewFlowLayout.m in Sources */,
				44B69C0C1E9F3CBE00C32A69 /* RCMyDiaryViewController.m in Sources */,
				4458ECE31E8B796D00EDC792 /* RCSettingViewController.m in Sources */,
				39CA02D61EA08B77001525AD /* RCInDiaryTableViewFooterView.m in Sources */,
				44D61A241E896E1F0088FA2B /* RCSignUpViewController.m in Sources */,
				448425A01EA7705E00C526DF /* RCMyTravelBookRemainPhotoPageView.m in Sources */,
				448425C31EA7883500C526DF /* MPFoldNavPushSegue.m in Sources */,
				448425C01EA7883500C526DF /* MPFlipSegue.m in Sources */,
				39FB37AF1E8CE671006D299F /* RCDiaryData.m in Sources */,
				44AE68541EA60252008F4B2C /* RCMyTravelDiaryBookViewController.m in Sources */,
				3921CB5C1E9A5DF2005736CE /* RCInDiaryLocationViewController.m in Sources */,
			);
			runOnlyForDeploymentPostprocessing = 0;
		};
/* End PBXSourcesBuildPhase section */

/* Begin PBXVariantGroup section */
		3930C62A1E88F21C009F457E /* Main.storyboard */ = {
			isa = PBXVariantGroup;
			children = (
				3930C62B1E88F21C009F457E /* Base */,
			);
			name = Main.storyboard;
			sourceTree = "<group>";
		};
		3930C62F1E88F21C009F457E /* LaunchScreen.storyboard */ = {
			isa = PBXVariantGroup;
			children = (
				3930C6301E88F21C009F457E /* Base */,
			);
			name = LaunchScreen.storyboard;
			sourceTree = "<group>";
		};
/* End PBXVariantGroup section */

/* Begin XCBuildConfiguration section */
		3930C6331E88F21C009F457E /* Debug */ = {
			isa = XCBuildConfiguration;
			buildSettings = {
				ALWAYS_SEARCH_USER_PATHS = NO;
				CLANG_ANALYZER_NONNULL = YES;
				CLANG_CXX_LANGUAGE_STANDARD = "gnu++0x";
				CLANG_CXX_LIBRARY = "libc++";
				CLANG_ENABLE_MODULES = YES;
				CLANG_ENABLE_OBJC_ARC = YES;
				CLANG_WARN_BOOL_CONVERSION = YES;
				CLANG_WARN_CONSTANT_CONVERSION = YES;
				CLANG_WARN_DIRECT_OBJC_ISA_USAGE = YES_ERROR;
				CLANG_WARN_DOCUMENTATION_COMMENTS = YES;
				CLANG_WARN_EMPTY_BODY = YES;
				CLANG_WARN_ENUM_CONVERSION = YES;
				CLANG_WARN_INFINITE_RECURSION = YES;
				CLANG_WARN_INT_CONVERSION = YES;
				CLANG_WARN_OBJC_ROOT_CLASS = YES_ERROR;
				CLANG_WARN_SUSPICIOUS_MOVE = YES;
				CLANG_WARN_UNREACHABLE_CODE = YES;
				CLANG_WARN__DUPLICATE_METHOD_MATCH = YES;
				"CODE_SIGN_IDENTITY[sdk=iphoneos*]" = "iPhone Developer";
				COPY_PHASE_STRIP = NO;
				DEBUG_INFORMATION_FORMAT = dwarf;
				ENABLE_STRICT_OBJC_MSGSEND = YES;
				ENABLE_TESTABILITY = YES;
				GCC_C_LANGUAGE_STANDARD = gnu99;
				GCC_DYNAMIC_NO_PIC = NO;
				GCC_NO_COMMON_BLOCKS = YES;
				GCC_OPTIMIZATION_LEVEL = 0;
				GCC_PREPROCESSOR_DEFINITIONS = (
					"DEBUG=1",
					"$(inherited)",
				);
				GCC_WARN_64_TO_32_BIT_CONVERSION = YES;
				GCC_WARN_ABOUT_RETURN_TYPE = YES_ERROR;
				GCC_WARN_UNDECLARED_SELECTOR = YES;
				GCC_WARN_UNINITIALIZED_AUTOS = YES_AGGRESSIVE;
				GCC_WARN_UNUSED_FUNCTION = YES;
				GCC_WARN_UNUSED_VARIABLE = YES;
				IPHONEOS_DEPLOYMENT_TARGET = 10.2;
				MTL_ENABLE_DEBUG_INFO = YES;
				ONLY_ACTIVE_ARCH = YES;
				SDKROOT = iphoneos;
			};
			name = Debug;
		};
		3930C6341E88F21C009F457E /* Release */ = {
			isa = XCBuildConfiguration;
			buildSettings = {
				ALWAYS_SEARCH_USER_PATHS = NO;
				CLANG_ANALYZER_NONNULL = YES;
				CLANG_CXX_LANGUAGE_STANDARD = "gnu++0x";
				CLANG_CXX_LIBRARY = "libc++";
				CLANG_ENABLE_MODULES = YES;
				CLANG_ENABLE_OBJC_ARC = YES;
				CLANG_WARN_BOOL_CONVERSION = YES;
				CLANG_WARN_CONSTANT_CONVERSION = YES;
				CLANG_WARN_DIRECT_OBJC_ISA_USAGE = YES_ERROR;
				CLANG_WARN_DOCUMENTATION_COMMENTS = YES;
				CLANG_WARN_EMPTY_BODY = YES;
				CLANG_WARN_ENUM_CONVERSION = YES;
				CLANG_WARN_INFINITE_RECURSION = YES;
				CLANG_WARN_INT_CONVERSION = YES;
				CLANG_WARN_OBJC_ROOT_CLASS = YES_ERROR;
				CLANG_WARN_SUSPICIOUS_MOVE = YES;
				CLANG_WARN_UNREACHABLE_CODE = YES;
				CLANG_WARN__DUPLICATE_METHOD_MATCH = YES;
				"CODE_SIGN_IDENTITY[sdk=iphoneos*]" = "iPhone Developer";
				COPY_PHASE_STRIP = NO;
				DEBUG_INFORMATION_FORMAT = "dwarf-with-dsym";
				ENABLE_NS_ASSERTIONS = NO;
				ENABLE_STRICT_OBJC_MSGSEND = YES;
				GCC_C_LANGUAGE_STANDARD = gnu99;
				GCC_NO_COMMON_BLOCKS = YES;
				GCC_WARN_64_TO_32_BIT_CONVERSION = YES;
				GCC_WARN_ABOUT_RETURN_TYPE = YES_ERROR;
				GCC_WARN_UNDECLARED_SELECTOR = YES;
				GCC_WARN_UNINITIALIZED_AUTOS = YES_AGGRESSIVE;
				GCC_WARN_UNUSED_FUNCTION = YES;
				GCC_WARN_UNUSED_VARIABLE = YES;
				IPHONEOS_DEPLOYMENT_TARGET = 10.2;
				MTL_ENABLE_DEBUG_INFO = NO;
				SDKROOT = iphoneos;
				VALIDATE_PRODUCT = YES;
			};
			name = Release;
		};
		3930C6361E88F21C009F457E /* Debug */ = {
			isa = XCBuildConfiguration;
			baseConfigurationReference = 37683365ED83ED02E4D49D08 /* Pods-Record.debug.xcconfig */;
			buildSettings = {
				ALWAYS_SEARCH_USER_PATHS = NO;
				ASSETCATALOG_COMPILER_APPICON_NAME = AppIcon;
				DEVELOPMENT_TEAM = NN7QXHC8A3;
				INFOPLIST_FILE = Record/Info.plist;
				LD_RUNPATH_SEARCH_PATHS = "$(inherited) @executable_path/Frameworks";
				PRODUCT_BUNDLE_IDENTIFIER = com.fastcampus.Record;
				PRODUCT_NAME = "$(TARGET_NAME)";
				USE_HEADERMAP = YES;
			};
			name = Debug;
		};
		3930C6371E88F21C009F457E /* Release */ = {
			isa = XCBuildConfiguration;
			baseConfigurationReference = C8E10F661C41DA25751724C5 /* Pods-Record.release.xcconfig */;
			buildSettings = {
				ALWAYS_SEARCH_USER_PATHS = NO;
				ASSETCATALOG_COMPILER_APPICON_NAME = AppIcon;
				DEVELOPMENT_TEAM = NN7QXHC8A3;
				INFOPLIST_FILE = Record/Info.plist;
				LD_RUNPATH_SEARCH_PATHS = "$(inherited) @executable_path/Frameworks";
				PRODUCT_BUNDLE_IDENTIFIER = com.fastcampus.Record;
				PRODUCT_NAME = "$(TARGET_NAME)";
				USE_HEADERMAP = YES;
			};
			name = Release;
		};
/* End XCBuildConfiguration section */

/* Begin XCConfigurationList section */
		3930C6191E88F21B009F457E /* Build configuration list for PBXProject "Record" */ = {
			isa = XCConfigurationList;
			buildConfigurations = (
				3930C6331E88F21C009F457E /* Debug */,
				3930C6341E88F21C009F457E /* Release */,
			);
			defaultConfigurationIsVisible = 0;
			defaultConfigurationName = Release;
		};
		3930C6351E88F21C009F457E /* Build configuration list for PBXNativeTarget "Record" */ = {
			isa = XCConfigurationList;
			buildConfigurations = (
				3930C6361E88F21C009F457E /* Debug */,
				3930C6371E88F21C009F457E /* Release */,
			);
			defaultConfigurationIsVisible = 0;
			defaultConfigurationName = Release;
		};
/* End XCConfigurationList section */
	};
	rootObject = 3930C6161E88F21B009F457E /* Project object */;
}
